
Microsoft Visual Studio Solution File, Format Version 12.00
# Visual Studio 15
VisualStudioVersion = 15.0.26430.15
MinimumVisualStudioVersion = 10.0.40219.1
Project("{FAE04EC0-301F-11D3-BF4B-00C04F79EFBC}") = "HB_Lab26", "HB_Lab26\HB_Lab26.csproj", "{BFEA70B4-CB51-4719-95A3-E20B7F17FFF0}"
EndProject
Global
	GlobalSection(SolutionConfigurationPlatforms) = preSolution
		Debug|Any CPU = Debug|Any CPU
		Release|Any CPU = Release|Any CPU
	EndGlobalSection
	GlobalSection(ProjectConfigurationPlatforms) = postSolution
		{BFEA70B4-CB51-4719-95A3-E20B7F17FFF0}.Debug|Any CPU.ActiveCfg = Debug|Any CPU
		{BFEA70B4-CB51-4719-95A3-E20B7F17FFF0}.Debug|Any CPU.Build.0 = Debug|Any CPU
		{BFEA70B4-CB51-4719-95A3-E20B7F17FFF0}.Release|Any CPU.ActiveCfg = Release|Any CPU
		{BFEA70B4-CB51-4719-95A3-E20B7F17FFF0}.Release|Any CPU.Build.0 = Release|Any CPU
	EndGlobalSection
	GlobalSection(SolutionProperties) = preSolution
		HideSolutionNode = FALSE
	EndGlobalSection
EndGlobal
